
Microsoft Visual Studio Solution File, Format Version 12.00
# Visual Studio Version 17
VisualStudioVersion = 17.0.31903.59
MinimumVisualStudioVersion = 10.0.40219.1
Project("{2150E333-8FDC-42A3-9474-1A3956D46DE8}") = "src", "src", "{827E0CD3-B72D-47B6-A68D-7590B98EB39B}"
EndProject
Project("{2150E333-8FDC-42A3-9474-1A3956D46DE8}") = "API", "API", "{81034408-37C8-1011-444E-4C15C2FADA8E}"
EndProject
Project("{FAE04EC0-301F-11D3-BF4B-00C04F79EFBC}") = "AppHost", "src\API\AppHost\AppHost.csproj", "{91EE04A2-2B1A-47AD-AA17-F4E9E090374A}"
EndProject
Project("{FAE04EC0-301F-11D3-BF4B-00C04F79EFBC}") = "Users.API", "src\Modules\Users\Users.API\Users.API.csproj", "{45AB51F3-E0C6-4826-BE74-D2BA9154BC8E}"
	ProjectSection(ProjectDependencies) = postProject
		{CF058C59-3C40-47E9-B4B2-F8A727C816E6} = {CF058C59-3C40-47E9-B4B2-F8A727C816E6}
	EndProjectSection
EndProject
Project("{FAE04EC0-301F-11D3-BF4B-00C04F79EFBC}") = "Users.Application", "src\Modules\Users\Users.Application\Users.Application.csproj", "{CF058C59-3C40-47E9-B4B2-F8A727C816E6}"
EndProject
Project("{FAE04EC0-301F-11D3-BF4B-00C04F79EFBC}") = "Users.Domain", "src\Modules\Users\Users.Domain\Users.Domain.csproj", "{51BA1BCE-6BB4-47E7-A2DE-94D291FD1B99}"
EndProject
Project("{FAE04EC0-301F-11D3-BF4B-00C04F79EFBC}") = "Users.Infrastructure", "src\Modules\Users\Users.Infrastructure\Users.Infrastructure.csproj", "{506C2554-853D-461E-903A-EEDCF90E422F}"
EndProject
Project("{FAE04EC0-301F-11D3-BF4B-00C04F79EFBC}") = "SharedFramework", "src\Shared\SharedFramework\SharedFramework.csproj", "{809F81CA-F411-4D94-926A-2EEDF95AF176}"
EndProject
Project("{FAE04EC0-301F-11D3-BF4B-00C04F79EFBC}") = "CarRental", "src\Modules\CarRental\CarRental.csproj", "{1EE36F01-7C0F-447B-88EF-E405D1BE9A72}"
EndProject
Global
	GlobalSection(SolutionConfigurationPlatforms) = preSolution
		Debug|Any CPU = Debug|Any CPU
		Debug|x64 = Debug|x64
		Debug|x86 = Debug|x86
		Release|Any CPU = Release|Any CPU
		Release|x64 = Release|x64
		Release|x86 = Release|x86
	EndGlobalSection
	GlobalSection(ProjectConfigurationPlatforms) = postSolution
		{91EE04A2-2B1A-47AD-AA17-F4E9E090374A}.Debug|Any CPU.ActiveCfg = Debug|Any CPU
		{91EE04A2-2B1A-47AD-AA17-F4E9E090374A}.Debug|Any CPU.Build.0 = Debug|Any CPU
		{91EE04A2-2B1A-47AD-AA17-F4E9E090374A}.Debug|x64.ActiveCfg = Debug|Any CPU
		{91EE04A2-2B1A-47AD-AA17-F4E9E090374A}.Debug|x64.Build.0 = Debug|Any CPU
		{91EE04A2-2B1A-47AD-AA17-F4E9E090374A}.Debug|x86.ActiveCfg = Debug|Any CPU
		{91EE04A2-2B1A-47AD-AA17-F4E9E090374A}.Debug|x86.Build.0 = Debug|Any CPU
		{91EE04A2-2B1A-47AD-AA17-F4E9E090374A}.Release|Any CPU.ActiveCfg = Release|Any CPU
		{91EE04A2-2B1A-47AD-AA17-F4E9E090374A}.Release|Any CPU.Build.0 = Release|Any CPU
		{91EE04A2-2B1A-47AD-AA17-F4E9E090374A}.Release|x64.ActiveCfg = Release|Any CPU
		{91EE04A2-2B1A-47AD-AA17-F4E9E090374A}.Release|x64.Build.0 = Release|Any CPU
		{91EE04A2-2B1A-47AD-AA17-F4E9E090374A}.Release|x86.ActiveCfg = Release|Any CPU
		{91EE04A2-2B1A-47AD-AA17-F4E9E090374A}.Release|x86.Build.0 = Release|Any CPU
		{45AB51F3-E0C6-4826-BE74-D2BA9154BC8E}.Debug|Any CPU.ActiveCfg = Debug|Any CPU
		{45AB51F3-E0C6-4826-BE74-D2BA9154BC8E}.Debug|Any CPU.Build.0 = Debug|Any CPU
		{45AB51F3-E0C6-4826-BE74-D2BA9154BC8E}.Debug|x64.ActiveCfg = Debug|Any CPU
		{45AB51F3-E0C6-4826-BE74-D2BA9154BC8E}.Debug|x64.Build.0 = Debug|Any CPU
		{45AB51F3-E0C6-4826-BE74-D2BA9154BC8E}.Debug|x86.ActiveCfg = Debug|Any CPU
		{45AB51F3-E0C6-4826-BE74-D2BA9154BC8E}.Debug|x86.Build.0 = Debug|Any CPU
		{45AB51F3-E0C6-4826-BE74-D2BA9154BC8E}.Release|Any CPU.ActiveCfg = Release|Any CPU
		{45AB51F3-E0C6-4826-BE74-D2BA9154BC8E}.Release|Any CPU.Build.0 = Release|Any CPU
		{45AB51F3-E0C6-4826-BE74-D2BA9154BC8E}.Release|x64.ActiveCfg = Release|Any CPU
		{45AB51F3-E0C6-4826-BE74-D2BA9154BC8E}.Release|x64.Build.0 = Release|Any CPU
		{45AB51F3-E0C6-4826-BE74-D2BA9154BC8E}.Release|x86.ActiveCfg = Release|Any CPU
		{45AB51F3-E0C6-4826-BE74-D2BA9154BC8E}.Release|x86.Build.0 = Release|Any CPU
		{CF058C59-3C40-47E9-B4B2-F8A727C816E6}.Debug|Any CPU.ActiveCfg = Debug|Any CPU
		{CF058C59-3C40-47E9-B4B2-F8A727C816E6}.Debug|Any CPU.Build.0 = Debug|Any CPU
		{CF058C59-3C40-47E9-B4B2-F8A727C816E6}.Debug|x64.ActiveCfg = Debug|Any CPU
		{CF058C59-3C40-47E9-B4B2-F8A727C816E6}.Debug|x64.Build.0 = Debug|Any CPU
		{CF058C59-3C40-47E9-B4B2-F8A727C816E6}.Debug|x86.ActiveCfg = Debug|Any CPU
		{CF058C59-3C40-47E9-B4B2-F8A727C816E6}.Debug|x86.Build.0 = Debug|Any CPU
		{CF058C59-3C40-47E9-B4B2-F8A727C816E6}.Release|Any CPU.ActiveCfg = Release|Any CPU
		{CF058C59-3C40-47E9-B4B2-F8A727C816E6}.Release|Any CPU.Build.0 = Release|Any CPU
		{CF058C59-3C40-47E9-B4B2-F8A727C816E6}.Release|x64.ActiveCfg = Release|Any CPU
		{CF058C59-3C40-47E9-B4B2-F8A727C816E6}.Release|x64.Build.0 = Release|Any CPU
		{CF058C59-3C40-47E9-B4B2-F8A727C816E6}.Release|x86.ActiveCfg = Release|Any CPU
		{CF058C59-3C40-47E9-B4B2-F8A727C816E6}.Release|x86.Build.0 = Release|Any CPU
		{51BA1BCE-6BB4-47E7-A2DE-94D291FD1B99}.Debug|Any CPU.ActiveCfg = Debug|Any CPU
		{51BA1BCE-6BB4-47E7-A2DE-94D291FD1B99}.Debug|Any CPU.Build.0 = Debug|Any CPU
		{51BA1BCE-6BB4-47E7-A2DE-94D291FD1B99}.Debug|x64.ActiveCfg = Debug|Any CPU
		{51BA1BCE-6BB4-47E7-A2DE-94D291FD1B99}.Debug|x64.Build.0 = Debug|Any CPU
		{51BA1BCE-6BB4-47E7-A2DE-94D291FD1B99}.Debug|x86.ActiveCfg = Debug|Any CPU
		{51BA1BCE-6BB4-47E7-A2DE-94D291FD1B99}.Debug|x86.Build.0 = Debug|Any CPU
		{51BA1BCE-6BB4-47E7-A2DE-94D291FD1B99}.Release|Any CPU.ActiveCfg = Release|Any CPU
		{51BA1BCE-6BB4-47E7-A2DE-94D291FD1B99}.Release|Any CPU.Build.0 = Release|Any CPU
		{51BA1BCE-6BB4-47E7-A2DE-94D291FD1B99}.Release|x64.ActiveCfg = Release|Any CPU
		{51BA1BCE-6BB4-47E7-A2DE-94D291FD1B99}.Release|x64.Build.0 = Release|Any CPU
		{51BA1BCE-6BB4-47E7-A2DE-94D291FD1B99}.Release|x86.ActiveCfg = Release|Any CPU
		{51BA1BCE-6BB4-47E7-A2DE-94D291FD1B99}.Release|x86.Build.0 = Release|Any CPU
		{506C2554-853D-461E-903A-EEDCF90E422F}.Debug|Any CPU.ActiveCfg = Debug|Any CPU
		{506C2554-853D-461E-903A-EEDCF90E422F}.Debug|Any CPU.Build.0 = Debug|Any CPU
		{506C2554-853D-461E-903A-EEDCF90E422F}.Debug|x64.ActiveCfg = Debug|Any CPU
		{506C2554-853D-461E-903A-EEDCF90E422F}.Debug|x64.Build.0 = Debug|Any CPU
		{506C2554-853D-461E-903A-EEDCF90E422F}.Debug|x86.ActiveCfg = Debug|Any CPU
		{506C2554-853D-461E-903A-EEDCF90E422F}.Debug|x86.Build.0 = Debug|Any CPU
		{506C2554-853D-461E-903A-EEDCF90E422F}.Release|Any CPU.ActiveCfg = Release|Any CPU
		{506C2554-853D-461E-903A-EEDCF90E422F}.Release|Any CPU.Build.0 = Release|Any CPU
		{506C2554-853D-461E-903A-EEDCF90E422F}.Release|x64.ActiveCfg = Release|Any CPU
		{506C2554-853D-461E-903A-EEDCF90E422F}.Release|x64.Build.0 = Release|Any CPU
		{506C2554-853D-461E-903A-EEDCF90E422F}.Release|x86.ActiveCfg = Release|Any CPU
		{506C2554-853D-461E-903A-EEDCF90E422F}.Release|x86.Build.0 = Release|Any CPU
		{809F81CA-F411-4D94-926A-2EEDF95AF176}.Debug|Any CPU.ActiveCfg = Debug|Any CPU
		{809F81CA-F411-4D94-926A-2EEDF95AF176}.Debug|Any CPU.Build.0 = Debug|Any CPU
		{809F81CA-F411-4D94-926A-2EEDF95AF176}.Debug|x64.ActiveCfg = Debug|Any CPU
		{809F81CA-F411-4D94-926A-2EEDF95AF176}.Debug|x64.Build.0 = Debug|Any CPU
		{809F81CA-F411-4D94-926A-2EEDF95AF176}.Debug|x86.ActiveCfg = Debug|Any CPU
		{809F81CA-F411-4D94-926A-2EEDF95AF176}.Debug|x86.Build.0 = Debug|Any CPU
		{809F81CA-F411-4D94-926A-2EEDF95AF176}.Release|Any CPU.ActiveCfg = Release|Any CPU
		{809F81CA-F411-4D94-926A-2EEDF95AF176}.Release|Any CPU.Build.0 = Release|Any CPU
		{809F81CA-F411-4D94-926A-2EEDF95AF176}.Release|x64.ActiveCfg = Release|Any CPU
		{809F81CA-F411-4D94-926A-2EEDF95AF176}.Release|x64.Build.0 = Release|Any CPU
		{809F81CA-F411-4D94-926A-2EEDF95AF176}.Release|x86.ActiveCfg = Release|Any CPU
		{809F81CA-F411-4D94-926A-2EEDF95AF176}.Release|x86.Build.0 = Release|Any CPU
		{1EE36F01-7C0F-447B-88EF-E405D1BE9A72}.Debug|Any CPU.ActiveCfg = Debug|Any CPU
		{1EE36F01-7C0F-447B-88EF-E405D1BE9A72}.Debug|Any CPU.Build.0 = Debug|Any CPU
		{1EE36F01-7C0F-447B-88EF-E405D1BE9A72}.Debug|x64.ActiveCfg = Debug|Any CPU
		{1EE36F01-7C0F-447B-88EF-E405D1BE9A72}.Debug|x64.Build.0 = Debug|Any CPU
		{1EE36F01-7C0F-447B-88EF-E405D1BE9A72}.Debug|x86.ActiveCfg = Debug|Any CPU
		{1EE36F01-7C0F-447B-88EF-E405D1BE9A72}.Debug|x86.Build.0 = Debug|Any CPU
		{1EE36F01-7C0F-447B-88EF-E405D1BE9A72}.Release|Any CPU.ActiveCfg = Release|Any CPU
		{1EE36F01-7C0F-447B-88EF-E405D1BE9A72}.Release|Any CPU.Build.0 = Release|Any CPU
		{1EE36F01-7C0F-447B-88EF-E405D1BE9A72}.Release|x64.ActiveCfg = Release|Any CPU
		{1EE36F01-7C0F-447B-88EF-E405D1BE9A72}.Release|x64.Build.0 = Release|Any CPU
		{1EE36F01-7C0F-447B-88EF-E405D1BE9A72}.Release|x86.ActiveCfg = Release|Any CPU
		{1EE36F01-7C0F-447B-88EF-E405D1BE9A72}.Release|x86.Build.0 = Release|Any CPU
	EndGlobalSection
	GlobalSection(SolutionProperties) = preSolution
		HideSolutionNode = FALSE
	EndGlobalSection
	GlobalSection(NestedProjects) = preSolution
		{81034408-37C8-1011-444E-4C15C2FADA8E} = {827E0CD3-B72D-47B6-A68D-7590B98EB39B}
		{91EE04A2-2B1A-47AD-AA17-F4E9E090374A} = {81034408-37C8-1011-444E-4C15C2FADA8E}
		{45AB51F3-E0C6-4826-BE74-D2BA9154BC8E} = {81034408-37C8-1011-444E-4C15C2FADA8E}
		{CF058C59-3C40-47E9-B4B2-F8A727C816E6} = {81034408-37C8-1011-444E-4C15C2FADA8E}
		{51BA1BCE-6BB4-47E7-A2DE-94D291FD1B99} = {81034408-37C8-1011-444E-4C15C2FADA8E}
		{506C2554-853D-461E-903A-EEDCF90E422F} = {81034408-37C8-1011-444E-4C15C2FADA8E}
	EndGlobalSection
EndGlobal
